
Microsoft Visual Studio Solution File, Format Version 12.00
# Visual Studio Version 17
VisualStudioVersion = 17.13.35806.99 d17.13
MinimumVisualStudioVersion = 10.0.40219.1
Project("{FAE04EC0-301F-11D3-BF4B-00C04F79EFBC}") = "AntamabaJ-ApliacionMVCLigaPro", "AntamabaJ-ApliacionMVCLigaPro\AntamabaJ-ApliacionMVCLigaPro.csproj", "{BD96E744-CD6A-4FDD-88F7-52B38D820A61}"
EndProject
Global
	GlobalSection(SolutionConfigurationPlatforms) = preSolution
		Debug|Any CPU = Debug|Any CPU
		Release|Any CPU = Release|Any CPU
	EndGlobalSection
	GlobalSection(ProjectConfigurationPlatforms) = postSolution
		{BD96E744-CD6A-4FDD-88F7-52B38D820A61}.Debug|Any CPU.ActiveCfg = Debug|Any CPU
		{BD96E744-CD6A-4FDD-88F7-52B38D820A61}.Debug|Any CPU.Build.0 = Debug|Any CPU
		{BD96E744-CD6A-4FDD-88F7-52B38D820A61}.Release|Any CPU.ActiveCfg = Release|Any CPU
		{BD96E744-CD6A-4FDD-88F7-52B38D820A61}.Release|Any CPU.Build.0 = Release|Any CPU
	EndGlobalSection
	GlobalSection(SolutionProperties) = preSolution
		HideSolutionNode = FALSE
	EndGlobalSection
	GlobalSection(ExtensibilityGlobals) = postSolution
		SolutionGuid = {CDA32A7E-FEC7-45B5-8BEC-0481A978AB61}
	EndGlobalSection
EndGlobal
